{
  "requires": true,
  "lockfileVersion": 1,
  "dependencies": {
    "nan": {
      "version": "2.8.0",
      "resolved": "https://registry.npmjs.org/nan/-/nan-2.8.0.tgz",
      "integrity": "sha1-7XFfP+neArV6XmJS2QqWZ14fCFo="
    },
    "node-dash-button": {
      "version": "0.6.1",
      "resolved": "https://registry.npmjs.org/node-dash-button/-/node-dash-button-0.6.1.tgz",
      "integrity": "sha1-09pBAPnx82Yz2no867oqA8VPesY=",
      "requires": {
        "pcap": "git+https://github.com/mranney/node_pcap.git#b4eb828fbfb3ad9a253351aa38cb41c203589712",
        "underscore": "1.8.3"
      }
    },
    "pcap": {
      "version": "git+https://github.com/mranney/node_pcap.git#b4eb828fbfb3ad9a253351aa38cb41c203589712",
      "requires": {
        "nan": "2.8.0",
        "socketwatcher": "0.3.0"
      }
    },
    "socketwatcher": {
      "version": "0.3.0",
      "resolved": "https://registry.npmjs.org/socketwatcher/-/socketwatcher-0.3.0.tgz",
      "integrity": "sha1-SeVhQFj8qrGdZAs3QiWk7qS0t4o=",
      "requires": {
        "nan": "2.8.0"
      }
    },
    "underscore": {
      "version": "1.8.3",
      "resolved": "https://registry.npmjs.org/underscore/-/underscore-1.8.3.tgz",
      "integrity": "sha1-Tz+1OxBuYJf8+ctBCfKl6b36UCI="
    }
  }
}
